// !$*UTF8*$!
{
	archiveVersion = 1;
	classes = {
	};
	objectVersion = 46;
	objects = {

/* Begin PBXBuildFile section */
		1D0B346A1E55B62C0098D999 /* FBSDKCoreKit.framework in Frameworks */ = {isa = PBXBuildFile; fileRef = 1D0B34691E55B62C0098D999 /* FBSDKCoreKit.framework */; };
		1DAB164A1E54B51C001CDB6D /* AppDelegate.swift in Sources */ = {isa = PBXBuildFile; fileRef = 1DAB16491E54B51C001CDB6D /* AppDelegate.swift */; };
		1DAB164C1E54B51C001CDB6D /* ViewController.swift in Sources */ = {isa = PBXBuildFile; fileRef = 1DAB164B1E54B51C001CDB6D /* ViewController.swift */; };
		1DAB164F1E54B51C001CDB6D /* Main.storyboard in Resources */ = {isa = PBXBuildFile; fileRef = 1DAB164D1E54B51C001CDB6D /* Main.storyboard */; };
		1DAB16511E54B51C001CDB6D /* Assets.xcassets in Resources */ = {isa = PBXBuildFile; fileRef = 1DAB16501E54B51C001CDB6D /* Assets.xcassets */; };
		1DAB16541E54B51C001CDB6D /* LaunchScreen.storyboard in Resources */ = {isa = PBXBuildFile; fileRef = 1DAB16521E54B51C001CDB6D /* LaunchScreen.storyboard */; };
		1DAB165E1E54C4E1001CDB6D /* FBSDKLoginKit.framework in Frameworks */ = {isa = PBXBuildFile; fileRef = 1DAB165D1E54C4E1001CDB6D /* FBSDKLoginKit.framework */; };
		1DAB16601E54C4F2001CDB6D /* FBSDKShareKit.framework in Frameworks */ = {isa = PBXBuildFile; fileRef = 1DAB165F1E54C4F2001CDB6D /* FBSDKShareKit.framework */; };
		1DAB16621E54DA28001CDB6D /* Bolts.framework in Frameworks */ = {isa = PBXBuildFile; fileRef = 1DAB16611E54DA28001CDB6D /* Bolts.framework */; };
		B1D41B78D7F9B21AFB1CC0AF /* Pods_formIntegration2.framework in Frameworks */ = {isa = PBXBuildFile; fileRef = 8E2E164E96E855115ED15EED /* Pods_formIntegration2.framework */; };
/* End PBXBuildFile section */

/* Begin PBXFileReference section */
		1D0B34691E55B62C0098D999 /* FBSDKCoreKit.framework */ = {isa = PBXFileReference; lastKnownFileType = wrapper.framework; path = FBSDKCoreKit.framework; sourceTree = "<group>"; };
		1DAB16461E54B51C001CDB6D /* formIntegration2.app */ = {isa = PBXFileReference; explicitFileType = wrapper.application; includeInIndex = 0; path = formIntegration2.app; sourceTree = BUILT_PRODUCTS_DIR; };
		1DAB16491E54B51C001CDB6D /* AppDelegate.swift */ = {isa = PBXFileReference; lastKnownFileType = sourcecode.swift; path = AppDelegate.swift; sourceTree = "<group>"; };
		1DAB164B1E54B51C001CDB6D /* ViewController.swift */ = {isa = PBXFileReference; lastKnownFileType = sourcecode.swift; path = ViewController.swift; sourceTree = "<group>"; };
		1DAB164E1E54B51C001CDB6D /* Base */ = {isa = PBXFileReference; lastKnownFileType = file.storyboard; name = Base; path = Base.lproj/Main.storyboard; sourceTree = "<group>"; };
		1DAB16501E54B51C001CDB6D /* Assets.xcassets */ = {isa = PBXFileReference; lastKnownFileType = folder.assetcatalog; path = Assets.xcassets; sourceTree = "<group>"; };
		1DAB16531E54B51C001CDB6D /* Base */ = {isa = PBXFileReference; lastKnownFileType = file.storyboard; name = Base; path = Base.lproj/LaunchScreen.storyboard; sourceTree = "<group>"; };
		1DAB16551E54B51C001CDB6D /* Info.plist */ = {isa = PBXFileReference; lastKnownFileType = text.plist.xml; path = Info.plist; sourceTree = "<group>"; };
		1DAB165D1E54C4E1001CDB6D /* FBSDKLoginKit.framework */ = {isa = PBXFileReference; lastKnownFileType = wrapper.framework; path = FBSDKLoginKit.framework; sourceTree = "<group>"; };
		1DAB165F1E54C4F2001CDB6D /* FBSDKShareKit.framework */ = {isa = PBXFileReference; lastKnownFileType = wrapper.framework; path = FBSDKShareKit.framework; sourceTree = "<group>"; };
		1DAB16611E54DA28001CDB6D /* Bolts.framework */ = {isa = PBXFileReference; lastKnownFileType = wrapper.framework; path = Bolts.framework; sourceTree = "<group>"; };
		66841EFB1E30313F084FC680 /* Pods-formIntegration2.debug.xcconfig */ = {isa = PBXFileReference; includeInIndex = 1; lastKnownFileType = text.xcconfig; name = "Pods-formIntegration2.debug.xcconfig"; path = "Pods/Target Support Files/Pods-formIntegration2/Pods-formIntegration2.debug.xcconfig"; sourceTree = "<group>"; };
		8E2E164E96E855115ED15EED /* Pods_formIntegration2.framework */ = {isa = PBXFileReference; explicitFileType = wrapper.framework; includeInIndex = 0; path = Pods_formIntegration2.framework; sourceTree = BUILT_PRODUCTS_DIR; };
		B4BA41949F3627B8C3C9BD8A /* Pods-formIntegration2.release.xcconfig */ = {isa = PBXFileReference; includeInIndex = 1; lastKnownFileType = text.xcconfig; name = "Pods-formIntegration2.release.xcconfig"; path = "Pods/Target Support Files/Pods-formIntegration2/Pods-formIntegration2.release.xcconfig"; sourceTree = "<group>"; };
/* End PBXFileReference section */

/* Begin PBXFrameworksBuildPhase section */
		1DAB16431E54B51B001CDB6D /* Frameworks */ = {
			isa = PBXFrameworksBuildPhase;
			buildActionMask = 2147483647;
			files = (
				1DAB165E1E54C4E1001CDB6D /* FBSDKLoginKit.framework in Frameworks */,
				1D0B346A1E55B62C0098D999 /* FBSDKCoreKit.framework in Frameworks */,
				1DAB16601E54C4F2001CDB6D /* FBSDKShareKit.framework in Frameworks */,
				1DAB16621E54DA28001CDB6D /* Bolts.framework in Frameworks */,
				B1D41B78D7F9B21AFB1CC0AF /* Pods_formIntegration2.framework in Frameworks */,
			);
			runOnlyForDeploymentPostprocessing = 0;
		};
/* End PBXFrameworksBuildPhase section */

/* Begin PBXGroup section */
		1DAB163D1E54B51B001CDB6D = {
			isa = PBXGroup;
			children = (
				1DAB16481E54B51C001CDB6D /* formIntegration2 */,
				1DAB16471E54B51C001CDB6D /* Products */,
				3BE66468952CB7B9491644AC /* Frameworks */,
				27AA30E828446AE467798B24 /* Pods */,
			);
			sourceTree = "<group>";
		};
		1DAB16471E54B51C001CDB6D /* Products */ = {
			isa = PBXGroup;
			children = (
				1DAB16461E54B51C001CDB6D /* formIntegration2.app */,
			);
			name = Products;
			sourceTree = "<group>";
		};
		1DAB16481E54B51C001CDB6D /* formIntegration2 */ = {
			isa = PBXGroup;
			children = (
				1DAB16491E54B51C001CDB6D /* AppDelegate.swift */,
				1DAB164B1E54B51C001CDB6D /* ViewController.swift */,
				1DAB164D1E54B51C001CDB6D /* Main.storyboard */,
				1DAB16501E54B51C001CDB6D /* Assets.xcassets */,
				1DAB16521E54B51C001CDB6D /* LaunchScreen.storyboard */,
				1DAB16551E54B51C001CDB6D /* Info.plist */,
			);
			path = formIntegration2;
			sourceTree = "<group>";
		};
		27AA30E828446AE467798B24 /* Pods */ = {
			isa = PBXGroup;
			children = (
				66841EFB1E30313F084FC680 /* Pods-formIntegration2.debug.xcconfig */,
				B4BA41949F3627B8C3C9BD8A /* Pods-formIntegration2.release.xcconfig */,
			);
			name = Pods;
			sourceTree = "<group>";
		};
		3BE66468952CB7B9491644AC /* Frameworks */ = {
			isa = PBXGroup;
			children = (
				1D0B34691E55B62C0098D999 /* FBSDKCoreKit.framework */,
				1DAB165D1E54C4E1001CDB6D /* FBSDKLoginKit.framework */,
				1DAB165F1E54C4F2001CDB6D /* FBSDKShareKit.framework */,
				1DAB16611E54DA28001CDB6D /* Bolts.framework */,
				8E2E164E96E855115ED15EED /* Pods_formIntegration2.framework */,
			);
			name = Frameworks;
			sourceTree = "<group>";
		};
/* End PBXGroup section */

/* Begin PBXNativeTarget section */
		1DAB16451E54B51B001CDB6D /* formIntegration2 */ = {
			isa = PBXNativeTarget;
			buildConfigurationList = 1DAB16581E54B51C001CDB6D /* Build configuration list for PBXNativeTarget "formIntegration2" */;
			buildPhases = (
				5E36112879709484B2F714E2 /* [CP] Check Pods Manifest.lock */,
				1DAB16421E54B51B001CDB6D /* Sources */,
				1DAB16431E54B51B001CDB6D /* Frameworks */,
				1DAB16441E54B51B001CDB6D /* Resources */,
				C3F40EFCAA420048A1D05A12 /* [CP] Embed Pods Frameworks */,
				FA4D01D6E78F451B6BD62D29 /* [CP] Copy Pods Resources */,
			);
			buildRules = (
			);
			dependencies = (
			);
			name = formIntegration2;
			productName = formIntegration2;
			productReference = 1DAB16461E54B51C001CDB6D /* formIntegration2.app */;
			productType = "com.apple.product-type.application";
		};
/* End PBXNativeTarget section */

/* Begin PBXProject section */
		1DAB163E1E54B51B001CDB6D /* Project object */ = {
			isa = PBXProject;
			attributes = {
				LastSwiftUpdateCheck = 0820;
				LastUpgradeCheck = 0820;
				ORGANIZATIONNAME = "Sierra 4";
				TargetAttributes = {
					1DAB16451E54B51B001CDB6D = {
						CreatedOnToolsVersion = 8.2.1;
						ProvisioningStyle = Automatic;
					};
				};
			};
			buildConfigurationList = 1DAB16411E54B51B001CDB6D /* Build configuration list for PBXProject "formIntegration2" */;
			compatibilityVersion = "Xcode 3.2";
			developmentRegion = English;
			hasScannedForEncodings = 0;
			knownRegions = (
				en,
				Base,
			);
			mainGroup = 1DAB163D1E54B51B001CDB6D;
			productRefGroup = 1DAB16471E54B51C001CDB6D /* Products */;
			projectDirPath = "";
			projectRoot = "";
			targets = (
				1DAB16451E54B51B001CDB6D /* formIntegration2 */,
			);
		};
/* End PBXProject section */

/* Begin PBXResourcesBuildPhase section */
		1DAB16441E54B51B001CDB6D /* Resources */ = {
			isa = PBXResourcesBuildPhase;
			buildActionMask = 2147483647;
			files = (
				1DAB16541E54B51C001CDB6D /* LaunchScreen.storyboard in Resources */,
				1DAB16511E54B51C001CDB6D /* Assets.xcassets in Resources */,
				1DAB164F1E54B51C001CDB6D /* Main.storyboard in Resources */,
			);
			runOnlyForDeploymentPostprocessing = 0;
		};
/* End PBXResourcesBuildPhase section */

/* Begin PBXShellScriptBuildPhase section */
		5E36112879709484B2F714E2 /* [CP] Check Pods Manifest.lock */ = {
			isa = PBXShellScriptBuildPhase;
			buildActionMask = 2147483647;
			files = (
			);
			inputPaths = (
			);
			name = "[CP] Check Pods Manifest.lock";
			outputPaths = (
			);
			runOnlyForDeploymentPostprocessing = 0;
			shellPath = /bin/sh;
			shellScript = "diff \"${PODS_ROOT}/../Podfile.lock\" \"${PODS_ROOT}/Manifest.lock\" > /dev/null\nif [ $? != 0 ] ; then\n    # print error to STDERR\n    echo \"error: The sandbox is not in sync with the Podfile.lock. Run 'pod install' or update your CocoaPods installation.\" >&2\n    exit 1\nfi\n";
			showEnvVarsInLog = 0;
		};
		C3F40EFCAA420048A1D05A12 /* [CP] Embed Pods Frameworks */ = {
			isa = PBXShellScriptBuildPhase;
			buildActionMask = 2147483647;
			files = (
			);
			inputPaths = (
			);
			name = "[CP] Embed Pods Frameworks";
			outputPaths = (
			);
			runOnlyForDeploymentPostprocessing = 0;
			shellPath = /bin/sh;
			shellScript = "\"${SRCROOT}/Pods/Target Support Files/Pods-formIntegration2/Pods-formIntegration2-frameworks.sh\"\n";
			showEnvVarsInLog = 0;
		};
		FA4D01D6E78F451B6BD62D29 /* [CP] Copy Pods Resources */ = {
			isa = PBXShellScriptBuildPhase;
			buildActionMask = 2147483647;
			files = (
			);
			inputPaths = (
			);
			name = "[CP] Copy Pods Resources";
			outputPaths = (
			);
			runOnlyForDeploymentPostprocessing = 0;
			shellPath = /bin/sh;
			shellScript = "\"${SRCROOT}/Pods/Target Support Files/Pods-formIntegration2/Pods-formIntegration2-resources.sh\"\n";
			showEnvVarsInLog = 0;
		};
/* End PBXShellScriptBuildPhase section */

/* Begin PBXSourcesBuildPhase section */
		1DAB16421E54B51B001CDB6D /* Sources */ = {
			isa = PBXSourcesBuildPhase;
			buildActionMask = 2147483647;
			files = (
				1DAB164C1E54B51C001CDB6D /* ViewController.swift in Sources */,
				1DAB164A1E54B51C001CDB6D /* AppDelegate.swift in Sources */,
			);
			runOnlyForDeploymentPostprocessing = 0;
		};
/* End PBXSourcesBuildPhase section */

/* Begin PBXVariantGroup section */
		1DAB164D1E54B51C001CDB6D /* Main.storyboard */ = {
			isa = PBXVariantGroup;
			children = (
				1DAB164E1E54B51C001CDB6D /* Base */,
			);
			name = Main.storyboard;
			sourceTree = "<group>";
		};
		1DAB16521E54B51C001CDB6D /* LaunchScreen.storyboard */ = {
			isa = PBXVariantGroup;
			children = (
				1DAB16531E54B51C001CDB6D /* Base */,
			);
			name = LaunchScreen.storyboard;
			sourceTree = "<group>";
		};
/* End PBXVariantGroup section */

/* Begin XCBuildConfiguration section */
		1DAB16561E54B51C001CDB6D /* Debug */ = {
			isa = XCBuildConfiguration;
			buildSettings = {
				ALWAYS_SEARCH_USER_PATHS = NO;
				CLANG_ANALYZER_NONNULL = YES;
				CLANG_CXX_LANGUAGE_STANDARD = "gnu++0x";
				CLANG_CXX_LIBRARY = "libc++";
				CLANG_ENABLE_MODULES = YES;
				CLANG_ENABLE_OBJC_ARC = YES;
				CLANG_WARN_BOOL_CONVERSION = YES;
				CLANG_WARN_CONSTANT_CONVERSION = YES;
				CLANG_WARN_DIRECT_OBJC_ISA_USAGE = YES_ERROR;
				CLANG_WARN_DOCUMENTATION_COMMENTS = YES;
				CLANG_WARN_EMPTY_BODY = YES;
				CLANG_WARN_ENUM_CONVERSION = YES;
				CLANG_WARN_INFINITE_RECURSION = YES;
				CLANG_WARN_INT_CONVERSION = YES;
				CLANG_WARN_OBJC_ROOT_CLASS = YES_ERROR;
				CLANG_WARN_SUSPICIOUS_MOVE = YES;
				CLANG_WARN_UNREACHABLE_CODE = YES;
				CLANG_WARN__DUPLICATE_METHOD_MATCH = YES;
				"CODE_SIGN_IDENTITY[sdk=iphoneos*]" = "iPhone Developer";
				COPY_PHASE_STRIP = NO;
				DEBUG_INFORMATION_FORMAT = dwarf;
				ENABLE_STRICT_OBJC_MSGSEND = YES;
				ENABLE_TESTABILITY = YES;
				GCC_C_LANGUAGE_STANDARD = gnu99;
				GCC_DYNAMIC_NO_PIC = NO;
				GCC_NO_COMMON_BLOCKS = YES;
				GCC_OPTIMIZATION_LEVEL = 0;
				GCC_PREPROCESSOR_DEFINITIONS = (
					"DEBUG=1",
					"$(inherited)",
				);
				GCC_WARN_64_TO_32_BIT_CONVERSION = YES;
				GCC_WARN_ABOUT_RETURN_TYPE = YES_ERROR;
				GCC_WARN_UNDECLARED_SELECTOR = YES;
				GCC_WARN_UNINITIALIZED_AUTOS = YES_AGGRESSIVE;
				GCC_WARN_UNUSED_FUNCTION = YES;
				GCC_WARN_UNUSED_VARIABLE = YES;
				IPHONEOS_DEPLOYMENT_TARGET = 9.0;
				MTL_ENABLE_DEBUG_INFO = YES;
				ONLY_ACTIVE_ARCH = YES;
				SDKROOT = iphoneos;
				SWIFT_ACTIVE_COMPILATION_CONDITIONS = DEBUG;
				SWIFT_OPTIMIZATION_LEVEL = "-Onone";
				TARGETED_DEVICE_FAMILY = "1,2";
			};
			name = Debug;
		};
		1DAB16571E54B51C001CDB6D /* Release */ = {
			isa = XCBuildConfiguration;
			buildSettings = {
				ALWAYS_SEARCH_USER_PATHS = NO;
				CLANG_ANALYZER_NONNULL = YES;
				CLANG_CXX_LANGUAGE_STANDARD = "gnu++0x";
				CLANG_CXX_LIBRARY = "libc++";
				CLANG_ENABLE_MODULES = YES;
				CLANG_ENABLE_OBJC_ARC = YES;
				CLANG_WARN_BOOL_CONVERSION = YES;
				CLANG_WARN_CONSTANT_CONVERSION = YES;
				CLANG_WARN_DIRECT_OBJC_ISA_USAGE = YES_ERROR;
				CLANG_WARN_DOCUMENTATION_COMMENTS = YES;
				CLANG_WARN_EMPTY_BODY = YES;
				CLANG_WARN_ENUM_CONVERSION = YES;
				CLANG_WARN_INFINITE_RECURSION = YES;
				CLANG_WARN_INT_CONVERSION = YES;
				CLANG_WARN_OBJC_ROOT_CLASS = YES_ERROR;
				CLANG_WARN_SUSPICIOUS_MOVE = YES;
				CLANG_WARN_UNREACHABLE_CODE = YES;
				CLANG_WARN__DUPLICATE_METHOD_MATCH = YES;
				"CODE_SIGN_IDENTITY[sdk=iphoneos*]" = "iPhone Developer";
				COPY_PHASE_STRIP = NO;
				DEBUG_INFORMATION_FORMAT = "dwarf-with-dsym";
				ENABLE_NS_ASSERTIONS = NO;
				ENABLE_STRICT_OBJC_MSGSEND = YES;
				GCC_C_LANGUAGE_STANDARD = gnu99;
				GCC_NO_COMMON_BLOCKS = YES;
				GCC_WARN_64_TO_32_BIT_CONVERSION = YES;
				GCC_WARN_ABOUT_RETURN_TYPE = YES_ERROR;
				GCC_WARN_UNDECLARED_SELECTOR = YES;
				GCC_WARN_UNINITIALIZED_AUTOS = YES_AGGRESSIVE;
				GCC_WARN_UNUSED_FUNCTION = YES;
				GCC_WARN_UNUSED_VARIABLE = YES;
				IPHONEOS_DEPLOYMENT_TARGET = 9.0;
				MTL_ENABLE_DEBUG_INFO = NO;
				SDKROOT = iphoneos;
				SWIFT_OPTIMIZATION_LEVEL = "-Owholemodule";
				TARGETED_DEVICE_FAMILY = "1,2";
				VALIDATE_PRODUCT = YES;
			};
			name = Release;
		};
		1DAB16591E54B51C001CDB6D /* Debug */ = {
			isa = XCBuildConfiguration;
			baseConfigurationReference = 66841EFB1E30313F084FC680 /* Pods-formIntegration2.debug.xcconfig */;
			buildSettings = {
				ASSETCATALOG_COMPILER_APPICON_NAME = AppIcon;
				FRAMEWORK_SEARCH_PATHS = (
					"$(inherited)",
					"$(PROJECT_DIR)",
				);
				INFOPLIST_FILE = formIntegration2/Info.plist;
				IPHONEOS_DEPLOYMENT_TARGET = 9.0;
				LD_RUNPATH_SEARCH_PATHS = "$(inherited) @executable_path/Frameworks";
				PRODUCT_BUNDLE_IDENTIFIER = com.codebrew.formIntegration2;
				PRODUCT_NAME = "$(TARGET_NAME)";
				SWIFT_VERSION = 3.0;
			};
			name = Debug;
		};
		1DAB165A1E54B51C001CDB6D /* Release */ = {
			isa = XCBuildConfiguration;
			baseConfigurationReference = B4BA41949F3627B8C3C9BD8A /* Pods-formIntegration2.release.xcconfig */;
			buildSettings = {
				ASSETCATALOG_COMPILER_APPICON_NAME = AppIcon;
				FRAMEWORK_SEARCH_PATHS = (
					"$(inherited)",
					"$(PROJECT_DIR)",
				);
				INFOPLIST_FILE = formIntegration2/Info.plist;
				IPHONEOS_DEPLOYMENT_TARGET = 9.0;
				LD_RUNPATH_SEARCH_PATHS = "$(inherited) @executable_path/Frameworks";
				PRODUCT_BUNDLE_IDENTIFIER = com.codebrew.formIntegration2;
				PRODUCT_NAME = "$(TARGET_NAME)";
				SWIFT_VERSION = 3.0;
			};
			name = Release;
		};
/* End XCBuildConfiguration section */

/* Begin XCConfigurationList section */
		1DAB16411E54B51B001CDB6D /* Build configuration list for PBXProject "formIntegration2" */ = {
			isa = XCConfigurationList;
			buildConfigurations = (
				1DAB16561E54B51C001CDB6D /* Debug */,
				1DAB16571E54B51C001CDB6D /* Release */,
			);
			defaultConfigurationIsVisible = 0;
			defaultConfigurationName = Release;
		};
		1DAB16581E54B51C001CDB6D /* Build configuration list for PBXNativeTarget "formIntegration2" */ = {
			isa = XCConfigurationList;
			buildConfigurations = (
				1DAB16591E54B51C001CDB6D /* Debug */,
				1DAB165A1E54B51C001CDB6D /* Release */,
			);
			defaultConfigurationIsVisible = 0;
			defaultConfigurationName = Release;
		};
/* End XCConfigurationList section */
	};
	rootObject = 1DAB163E1E54B51B001CDB6D /* Project object */;
}
